
Microsoft Visual Studio Solution File, Format Version 12.00
# Visual Studio Version 17
VisualStudioVersion = 17.0.31903.59
MinimumVisualStudioVersion = 10.0.40219.1
Project("{9A19103F-16F7-4668-BE54-9A1E7A4F7556}") = "WebGames.MVC", "WebGames.MVC\WebGames.MVC.csproj", "{7D6EE3E3-3452-4890-AB0A-351A94C317E9}"
EndProject
Project("{9A19103F-16F7-4668-BE54-9A1E7A4F7556}") = "WebGames.Domain", "WebGames.Domain\WebGames.Domain.csproj", "{A60B4CD6-E536-4B20-AE8A-6E79071D340B}"
EndProject
Project("{9A19103F-16F7-4668-BE54-9A1E7A4F7556}") = "WebGames.Application", "WebGames.Application\WebGames.Application.csproj", "{0970D17A-615A-4658-A844-5350CA94F1A9}"
EndProject
Project("{9A19103F-16F7-4668-BE54-9A1E7A4F7556}") = "WebGames.Infrastructure", "WebGames.Infrastructure\WebGames.Infrastructure.csproj", "{59E7DF52-15D0-4B23-95E2-180860FB02F2}"
EndProject
Global
	GlobalSection(SolutionConfigurationPlatforms) = preSolution
		Debug|Any CPU = Debug|Any CPU
		Release|Any CPU = Release|Any CPU
	EndGlobalSection
	GlobalSection(ProjectConfigurationPlatforms) = postSolution
		{7D6EE3E3-3452-4890-AB0A-351A94C317E9}.Debug|Any CPU.ActiveCfg = Debug|Any CPU
		{7D6EE3E3-3452-4890-AB0A-351A94C317E9}.Debug|Any CPU.Build.0 = Debug|Any CPU
		{7D6EE3E3-3452-4890-AB0A-351A94C317E9}.Release|Any CPU.ActiveCfg = Release|Any CPU
		{7D6EE3E3-3452-4890-AB0A-351A94C317E9}.Release|Any CPU.Build.0 = Release|Any CPU
		{A60B4CD6-E536-4B20-AE8A-6E79071D340B}.Debug|Any CPU.ActiveCfg = Debug|Any CPU
		{A60B4CD6-E536-4B20-AE8A-6E79071D340B}.Debug|Any CPU.Build.0 = Debug|Any CPU
		{A60B4CD6-E536-4B20-AE8A-6E79071D340B}.Release|Any CPU.ActiveCfg = Release|Any CPU
		{A60B4CD6-E536-4B20-AE8A-6E79071D340B}.Release|Any CPU.Build.0 = Release|Any CPU
		{0970D17A-615A-4658-A844-5350CA94F1A9}.Debug|Any CPU.ActiveCfg = Debug|Any CPU
		{0970D17A-615A-4658-A844-5350CA94F1A9}.Debug|Any CPU.Build.0 = Debug|Any CPU
		{0970D17A-615A-4658-A844-5350CA94F1A9}.Release|Any CPU.ActiveCfg = Release|Any CPU
		{0970D17A-615A-4658-A844-5350CA94F1A9}.Release|Any CPU.Build.0 = Release|Any CPU
		{59E7DF52-15D0-4B23-95E2-180860FB02F2}.Debug|Any CPU.ActiveCfg = Debug|Any CPU
		{59E7DF52-15D0-4B23-95E2-180860FB02F2}.Debug|Any CPU.Build.0 = Debug|Any CPU
		{59E7DF52-15D0-4B23-95E2-180860FB02F2}.Release|Any CPU.ActiveCfg = Release|Any CPU
		{59E7DF52-15D0-4B23-95E2-180860FB02F2}.Release|Any CPU.Build.0 = Release|Any CPU
	EndGlobalSection
	GlobalSection(SolutionProperties) = preSolution
		HideSolutionNode = FALSE
	EndGlobalSection
	GlobalSection(ExtensibilityGlobals) = postSolution
		SolutionGuid = {EC12FDF8-079F-4199-8C31-D3DD3CF6A161}
	EndGlobalSection
EndGlobal
